// !$*UTF8*$!
{
	archiveVersion = 1;
	classes = {
	};
	objectVersion = 50;
	objects = {

/* Begin PBXBuildFile section */
		401540192366D48C00598A2B /* PersonDetail.swift in Sources */ = {isa = PBXBuildFile; fileRef = 401540182366D48C00598A2B /* PersonDetail.swift */; };
		4015401B2367131300598A2B /* Tutor.xcassets in Resources */ = {isa = PBXBuildFile; fileRef = 4015401A2367131300598A2B /* Tutor.xcassets */; };
		4015401D2367141A00598A2B /* PersonData.swift in Sources */ = {isa = PBXBuildFile; fileRef = 4015401C2367141A00598A2B /* PersonData.swift */; };
		4015401F23671A8400598A2B /* Home.swift in Sources */ = {isa = PBXBuildFile; fileRef = 4015401E23671A8400598A2B /* Home.swift */; };
		401540212367236900598A2B /* HexagonParameters.swift in Sources */ = {isa = PBXBuildFile; fileRef = 401540202367236900598A2B /* HexagonParameters.swift */; };
		401540232367266A00598A2B /* Badge.swift in Sources */ = {isa = PBXBuildFile; fileRef = 401540222367266A00598A2B /* Badge.swift */; };
		40F33AB62361EC5D00BDF5AE /* AppDelegate.swift in Sources */ = {isa = PBXBuildFile; fileRef = 40F33AB52361EC5D00BDF5AE /* AppDelegate.swift */; };
		40F33AB82361EC5D00BDF5AE /* SceneDelegate.swift in Sources */ = {isa = PBXBuildFile; fileRef = 40F33AB72361EC5D00BDF5AE /* SceneDelegate.swift */; };
		40F33ABA2361EC5D00BDF5AE /* ContentView.swift in Sources */ = {isa = PBXBuildFile; fileRef = 40F33AB92361EC5D00BDF5AE /* ContentView.swift */; };
		40F33ABC2361EC5F00BDF5AE /* Assets.xcassets in Resources */ = {isa = PBXBuildFile; fileRef = 40F33ABB2361EC5F00BDF5AE /* Assets.xcassets */; };
		40F33ABF2361EC5F00BDF5AE /* Preview Assets.xcassets in Resources */ = {isa = PBXBuildFile; fileRef = 40F33ABE2361EC5F00BDF5AE /* Preview Assets.xcassets */; };
		40F33AC22361EC5F00BDF5AE /* LaunchScreen.storyboard in Resources */ = {isa = PBXBuildFile; fileRef = 40F33AC02361EC5F00BDF5AE /* LaunchScreen.storyboard */; };
		40F33ACD2361EC5F00BDF5AE /* KeshiaTests.swift in Sources */ = {isa = PBXBuildFile; fileRef = 40F33ACC2361EC5F00BDF5AE /* KeshiaTests.swift */; };
		40F33AD82361EC5F00BDF5AE /* KeshiaUITests.swift in Sources */ = {isa = PBXBuildFile; fileRef = 40F33AD72361EC5F00BDF5AE /* KeshiaUITests.swift */; };
/* End PBXBuildFile section */

/* Begin PBXContainerItemProxy section */
		40F33AC92361EC5F00BDF5AE /* PBXContainerItemProxy */ = {
			isa = PBXContainerItemProxy;
			containerPortal = 40F33AAA2361EC5D00BDF5AE /* Project object */;
			proxyType = 1;
			remoteGlobalIDString = 40F33AB12361EC5D00BDF5AE;
			remoteInfo = Keshia;
		};
		40F33AD42361EC5F00BDF5AE /* PBXContainerItemProxy */ = {
			isa = PBXContainerItemProxy;
			containerPortal = 40F33AAA2361EC5D00BDF5AE /* Project object */;
			proxyType = 1;
			remoteGlobalIDString = 40F33AB12361EC5D00BDF5AE;
			remoteInfo = Keshia;
		};
/* End PBXContainerItemProxy section */

/* Begin PBXFileReference section */
		401540182366D48C00598A2B /* PersonDetail.swift */ = {isa = PBXFileReference; lastKnownFileType = sourcecode.swift; path = PersonDetail.swift; sourceTree = "<group>"; };
		4015401A2367131300598A2B /* Tutor.xcassets */ = {isa = PBXFileReference; lastKnownFileType = folder.assetcatalog; path = Tutor.xcassets; sourceTree = "<group>"; };
		4015401C2367141A00598A2B /* PersonData.swift */ = {isa = PBXFileReference; fileEncoding = 4; lastKnownFileType = sourcecode.swift; path = PersonData.swift; sourceTree = "<group>"; };
		4015401E23671A8400598A2B /* Home.swift */ = {isa = PBXFileReference; lastKnownFileType = sourcecode.swift; path = Home.swift; sourceTree = "<group>"; };
		401540202367236900598A2B /* HexagonParameters.swift */ = {isa = PBXFileReference; lastKnownFileType = sourcecode.swift; path = HexagonParameters.swift; sourceTree = "<group>"; };
		401540222367266A00598A2B /* Badge.swift */ = {isa = PBXFileReference; lastKnownFileType = sourcecode.swift; path = Badge.swift; sourceTree = "<group>"; };
		40F33AB22361EC5D00BDF5AE /* Keshia.app */ = {isa = PBXFileReference; explicitFileType = wrapper.application; includeInIndex = 0; path = Keshia.app; sourceTree = BUILT_PRODUCTS_DIR; };
		40F33AB52361EC5D00BDF5AE /* AppDelegate.swift */ = {isa = PBXFileReference; lastKnownFileType = sourcecode.swift; path = AppDelegate.swift; sourceTree = "<group>"; };
		40F33AB72361EC5D00BDF5AE /* SceneDelegate.swift */ = {isa = PBXFileReference; lastKnownFileType = sourcecode.swift; path = SceneDelegate.swift; sourceTree = "<group>"; };
		40F33AB92361EC5D00BDF5AE /* ContentView.swift */ = {isa = PBXFileReference; lastKnownFileType = sourcecode.swift; path = ContentView.swift; sourceTree = "<group>"; };
		40F33ABB2361EC5F00BDF5AE /* Assets.xcassets */ = {isa = PBXFileReference; lastKnownFileType = folder.assetcatalog; path = Assets.xcassets; sourceTree = "<group>"; };
		40F33ABE2361EC5F00BDF5AE /* Preview Assets.xcassets */ = {isa = PBXFileReference; lastKnownFileType = folder.assetcatalog; path = "Preview Assets.xcassets"; sourceTree = "<group>"; };
		40F33AC12361EC5F00BDF5AE /* Base */ = {isa = PBXFileReference; lastKnownFileType = file.storyboard; name = Base; path = Base.lproj/LaunchScreen.storyboard; sourceTree = "<group>"; };
		40F33AC32361EC5F00BDF5AE /* Info.plist */ = {isa = PBXFileReference; lastKnownFileType = text.plist.xml; path = Info.plist; sourceTree = "<group>"; };
		40F33AC82361EC5F00BDF5AE /* KeshiaTests.xctest */ = {isa = PBXFileReference; explicitFileType = wrapper.cfbundle; includeInIndex = 0; path = KeshiaTests.xctest; sourceTree = BUILT_PRODUCTS_DIR; };
		40F33ACC2361EC5F00BDF5AE /* KeshiaTests.swift */ = {isa = PBXFileReference; lastKnownFileType = sourcecode.swift; path = KeshiaTests.swift; sourceTree = "<group>"; };
		40F33ACE2361EC5F00BDF5AE /* Info.plist */ = {isa = PBXFileReference; lastKnownFileType = text.plist.xml; path = Info.plist; sourceTree = "<group>"; };
		40F33AD32361EC5F00BDF5AE /* KeshiaUITests.xctest */ = {isa = PBXFileReference; explicitFileType = wrapper.cfbundle; includeInIndex = 0; path = KeshiaUITests.xctest; sourceTree = BUILT_PRODUCTS_DIR; };
		40F33AD72361EC5F00BDF5AE /* KeshiaUITests.swift */ = {isa = PBXFileReference; lastKnownFileType = sourcecode.swift; path = KeshiaUITests.swift; sourceTree = "<group>"; };
		40F33AD92361EC5F00BDF5AE /* Info.plist */ = {isa = PBXFileReference; lastKnownFileType = text.plist.xml; path = Info.plist; sourceTree = "<group>"; };
/* End PBXFileReference section */

/* Begin PBXFrameworksBuildPhase section */
		40F33AAF2361EC5D00BDF5AE /* Frameworks */ = {
			isa = PBXFrameworksBuildPhase;
			buildActionMask = 2147483647;
			files = (
			);
			runOnlyForDeploymentPostprocessing = 0;
		};
		40F33AC52361EC5F00BDF5AE /* Frameworks */ = {
			isa = PBXFrameworksBuildPhase;
			buildActionMask = 2147483647;
			files = (
			);
			runOnlyForDeploymentPostprocessing = 0;
		};
		40F33AD02361EC5F00BDF5AE /* Frameworks */ = {
			isa = PBXFrameworksBuildPhase;
			buildActionMask = 2147483647;
			files = (
			);
			runOnlyForDeploymentPostprocessing = 0;
		};
/* End PBXFrameworksBuildPhase section */

/* Begin PBXGroup section */
		40F33AA92361EC5D00BDF5AE = {
			isa = PBXGroup;
			children = (
				40F33AB42361EC5D00BDF5AE /* Keshia */,
				40F33ACB2361EC5F00BDF5AE /* KeshiaTests */,
				40F33AD62361EC5F00BDF5AE /* KeshiaUITests */,
				40F33AB32361EC5D00BDF5AE /* Products */,
			);
			sourceTree = "<group>";
		};
		40F33AB32361EC5D00BDF5AE /* Products */ = {
			isa = PBXGroup;
			children = (
				40F33AB22361EC5D00BDF5AE /* Keshia.app */,
				40F33AC82361EC5F00BDF5AE /* KeshiaTests.xctest */,
				40F33AD32361EC5F00BDF5AE /* KeshiaUITests.xctest */,
			);
			name = Products;
			sourceTree = "<group>";
		};
		40F33AB42361EC5D00BDF5AE /* Keshia */ = {
			isa = PBXGroup;
			children = (
				4015401A2367131300598A2B /* Tutor.xcassets */,
				40F33AB52361EC5D00BDF5AE /* AppDelegate.swift */,
				40F33AB72361EC5D00BDF5AE /* SceneDelegate.swift */,
				40F33AB92361EC5D00BDF5AE /* ContentView.swift */,
				401540182366D48C00598A2B /* PersonDetail.swift */,
				4015401C2367141A00598A2B /* PersonData.swift */,
				40F33ABB2361EC5F00BDF5AE /* Assets.xcassets */,
				40F33AC02361EC5F00BDF5AE /* LaunchScreen.storyboard */,
				40F33AC32361EC5F00BDF5AE /* Info.plist */,
				4015401E23671A8400598A2B /* Home.swift */,
				401540202367236900598A2B /* HexagonParameters.swift */,
				401540222367266A00598A2B /* Badge.swift */,
				40F33ABD2361EC5F00BDF5AE /* Preview Content */,
			);
			path = Keshia;
			sourceTree = "<group>";
		};
		40F33ABD2361EC5F00BDF5AE /* Preview Content */ = {
			isa = PBXGroup;
			children = (
				40F33ABE2361EC5F00BDF5AE /* Preview Assets.xcassets */,
			);
			path = "Preview Content";
			sourceTree = "<group>";
		};
		40F33ACB2361EC5F00BDF5AE /* KeshiaTests */ = {
			isa = PBXGroup;
			children = (
				40F33ACC2361EC5F00BDF5AE /* KeshiaTests.swift */,
				40F33ACE2361EC5F00BDF5AE /* Info.plist */,
			);
			path = KeshiaTests;
			sourceTree = "<group>";
		};
		40F33AD62361EC5F00BDF5AE /* KeshiaUITests */ = {
			isa = PBXGroup;
			children = (
				40F33AD72361EC5F00BDF5AE /* KeshiaUITests.swift */,
				40F33AD92361EC5F00BDF5AE /* Info.plist */,
			);
			path = KeshiaUITests;
			sourceTree = "<group>";
		};
/* End PBXGroup section */

/* Begin PBXNativeTarget section */
		40F33AB12361EC5D00BDF5AE /* Keshia */ = {
			isa = PBXNativeTarget;
			buildConfigurationList = 40F33ADC2361EC5F00BDF5AE /* Build configuration list for PBXNativeTarget "Keshia" */;
			buildPhases = (
				40F33AAE2361EC5D00BDF5AE /* Sources */,
				40F33AAF2361EC5D00BDF5AE /* Frameworks */,
				40F33AB02361EC5D00BDF5AE /* Resources */,
			);
			buildRules = (
			);
			dependencies = (
			);
			name = Keshia;
			productName = Keshia;
			productReference = 40F33AB22361EC5D00BDF5AE /* Keshia.app */;
			productType = "com.apple.product-type.application";
		};
		40F33AC72361EC5F00BDF5AE /* KeshiaTests */ = {
			isa = PBXNativeTarget;
			buildConfigurationList = 40F33ADF2361EC5F00BDF5AE /* Build configuration list for PBXNativeTarget "KeshiaTests" */;
			buildPhases = (
				40F33AC42361EC5F00BDF5AE /* Sources */,
				40F33AC52361EC5F00BDF5AE /* Frameworks */,
				40F33AC62361EC5F00BDF5AE /* Resources */,
			);
			buildRules = (
			);
			dependencies = (
				40F33ACA2361EC5F00BDF5AE /* PBXTargetDependency */,
			);
			name = KeshiaTests;
			productName = KeshiaTests;
			productReference = 40F33AC82361EC5F00BDF5AE /* KeshiaTests.xctest */;
			productType = "com.apple.product-type.bundle.unit-test";
		};
		40F33AD22361EC5F00BDF5AE /* KeshiaUITests */ = {
			isa = PBXNativeTarget;
			buildConfigurationList = 40F33AE22361EC5F00BDF5AE /* Build configuration list for PBXNativeTarget "KeshiaUITests" */;
			buildPhases = (
				40F33ACF2361EC5F00BDF5AE /* Sources */,
				40F33AD02361EC5F00BDF5AE /* Frameworks */,
				40F33AD12361EC5F00BDF5AE /* Resources */,
			);
			buildRules = (
			);
			dependencies = (
				40F33AD52361EC5F00BDF5AE /* PBXTargetDependency */,
			);
			name = KeshiaUITests;
			productName = KeshiaUITests;
			productReference = 40F33AD32361EC5F00BDF5AE /* KeshiaUITests.xctest */;
			productType = "com.apple.product-type.bundle.ui-testing";
		};
/* End PBXNativeTarget section */

/* Begin PBXProject section */
		40F33AAA2361EC5D00BDF5AE /* Project object */ = {
			isa = PBXProject;
			attributes = {
				LastSwiftUpdateCheck = 1110;
				LastUpgradeCheck = 1110;
				ORGANIZATIONNAME = Keshia;
				TargetAttributes = {
					40F33AB12361EC5D00BDF5AE = {
						CreatedOnToolsVersion = 11.1;
					};
					40F33AC72361EC5F00BDF5AE = {
						CreatedOnToolsVersion = 11.1;
						TestTargetID = 40F33AB12361EC5D00BDF5AE;
					};
					40F33AD22361EC5F00BDF5AE = {
						CreatedOnToolsVersion = 11.1;
						TestTargetID = 40F33AB12361EC5D00BDF5AE;
					};
				};
			};
			buildConfigurationList = 40F33AAD2361EC5D00BDF5AE /* Build configuration list for PBXProject "Keshia" */;
			compatibilityVersion = "Xcode 9.3";
			developmentRegion = en;
			hasScannedForEncodings = 0;
			knownRegions = (
				en,
				Base,
			);
			mainGroup = 40F33AA92361EC5D00BDF5AE;
			productRefGroup = 40F33AB32361EC5D00BDF5AE /* Products */;
			projectDirPath = "";
			projectRoot = "";
			targets = (
				40F33AB12361EC5D00BDF5AE /* Keshia */,
				40F33AC72361EC5F00BDF5AE /* KeshiaTests */,
				40F33AD22361EC5F00BDF5AE /* KeshiaUITests */,
			);
		};
/* End PBXProject section */

/* Begin PBXResourcesBuildPhase section */
		40F33AB02361EC5D00BDF5AE /* Resources */ = {
			isa = PBXResourcesBuildPhase;
			buildActionMask = 2147483647;
			files = (
				4015401B2367131300598A2B /* Tutor.xcassets in Resources */,
				40F33AC22361EC5F00BDF5AE /* LaunchScreen.storyboard in Resources */,
				40F33ABF2361EC5F00BDF5AE /* Preview Assets.xcassets in Resources */,
				40F33ABC2361EC5F00BDF5AE /* Assets.xcassets in Resources */,
			);
			runOnlyForDeploymentPostprocessing = 0;
		};
		40F33AC62361EC5F00BDF5AE /* Resources */ = {
			isa = PBXResourcesBuildPhase;
			buildActionMask = 2147483647;
			files = (
			);
			runOnlyForDeploymentPostprocessing = 0;
		};
		40F33AD12361EC5F00BDF5AE /* Resources */ = {
			isa = PBXResourcesBuildPhase;
			buildActionMask = 2147483647;
			files = (
			);
			runOnlyForDeploymentPostprocessing = 0;
		};
/* End PBXResourcesBuildPhase section */

/* Begin PBXSourcesBuildPhase section */
		40F33AAE2361EC5D00BDF5AE /* Sources */ = {
			isa = PBXSourcesBuildPhase;
			buildActionMask = 2147483647;
			files = (
				401540212367236900598A2B /* HexagonParameters.swift in Sources */,
				401540232367266A00598A2B /* Badge.swift in Sources */,
				40F33AB62361EC5D00BDF5AE /* AppDelegate.swift in Sources */,
				40F33AB82361EC5D00BDF5AE /* SceneDelegate.swift in Sources */,
				401540192366D48C00598A2B /* PersonDetail.swift in Sources */,
				4015401F23671A8400598A2B /* Home.swift in Sources */,
				4015401D2367141A00598A2B /* PersonData.swift in Sources */,
				40F33ABA2361EC5D00BDF5AE /* ContentView.swift in Sources */,
			);
			runOnlyForDeploymentPostprocessing = 0;
		};
		40F33AC42361EC5F00BDF5AE /* Sources */ = {
			isa = PBXSourcesBuildPhase;
			buildActionMask = 2147483647;
			files = (
				40F33ACD2361EC5F00BDF5AE /* KeshiaTests.swift in Sources */,
			);
			runOnlyForDeploymentPostprocessing = 0;
		};
		40F33ACF2361EC5F00BDF5AE /* Sources */ = {
			isa = PBXSourcesBuildPhase;
			buildActionMask = 2147483647;
			files = (
				40F33AD82361EC5F00BDF5AE /* KeshiaUITests.swift in Sources */,
			);
			runOnlyForDeploymentPostprocessing = 0;
		};
/* End PBXSourcesBuildPhase section */

/* Begin PBXTargetDependency section */
		40F33ACA2361EC5F00BDF5AE /* PBXTargetDependency */ = {
			isa = PBXTargetDependency;
			target = 40F33AB12361EC5D00BDF5AE /* Keshia */;
			targetProxy = 40F33AC92361EC5F00BDF5AE /* PBXContainerItemProxy */;
		};
		40F33AD52361EC5F00BDF5AE /* PBXTargetDependency */ = {
			isa = PBXTargetDependency;
			target = 40F33AB12361EC5D00BDF5AE /* Keshia */;
			targetProxy = 40F33AD42361EC5F00BDF5AE /* PBXContainerItemProxy */;
		};
/* End PBXTargetDependency section */

/* Begin PBXVariantGroup section */
		40F33AC02361EC5F00BDF5AE /* LaunchScreen.storyboard */ = {
			isa = PBXVariantGroup;
			children = (
				40F33AC12361EC5F00BDF5AE /* Base */,
			);
			name = LaunchScreen.storyboard;
			sourceTree = "<group>";
		};
/* End PBXVariantGroup section */

/* Begin XCBuildConfiguration section */
		40F33ADA2361EC5F00BDF5AE /* Debug */ = {
			isa = XCBuildConfiguration;
			buildSettings = {
				ALWAYS_SEARCH_USER_PATHS = NO;
				CLANG_ANALYZER_NONNULL = YES;
				CLANG_ANALYZER_NUMBER_OBJECT_CONVERSION = YES_AGGRESSIVE;
				CLANG_CXX_LANGUAGE_STANDARD = "gnu++14";
				CLANG_CXX_LIBRARY = "libc++";
				CLANG_ENABLE_MODULES = YES;
				CLANG_ENABLE_OBJC_ARC = YES;
				CLANG_ENABLE_OBJC_WEAK = YES;
				CLANG_WARN_BLOCK_CAPTURE_AUTORELEASING = YES;
				CLANG_WARN_BOOL_CONVERSION = YES;
				CLANG_WARN_COMMA = YES;
				CLANG_WARN_CONSTANT_CONVERSION = YES;
				CLANG_WARN_DEPRECATED_OBJC_IMPLEMENTATIONS = YES;
				CLANG_WARN_DIRECT_OBJC_ISA_USAGE = YES_ERROR;
				CLANG_WARN_DOCUMENTATION_COMMENTS = YES;
				CLANG_WARN_EMPTY_BODY = YES;
				CLANG_WARN_ENUM_CONVERSION = YES;
				CLANG_WARN_INFINITE_RECURSION = YES;
				CLANG_WARN_INT_CONVERSION = YES;
				CLANG_WARN_NON_LITERAL_NULL_CONVERSION = YES;
				CLANG_WARN_OBJC_IMPLICIT_RETAIN_SELF = YES;
				CLANG_WARN_OBJC_LITERAL_CONVERSION = YES;
				CLANG_WARN_OBJC_ROOT_CLASS = YES_ERROR;
				CLANG_WARN_RANGE_LOOP_ANALYSIS = YES;
				CLANG_WARN_STRICT_PROTOTYPES = YES;
				CLANG_WARN_SUSPICIOUS_MOVE = YES;
				CLANG_WARN_UNGUARDED_AVAILABILITY = YES_AGGRESSIVE;
				CLANG_WARN_UNREACHABLE_CODE = YES;
				CLANG_WARN__DUPLICATE_METHOD_MATCH = YES;
				COPY_PHASE_STRIP = NO;
				DEBUG_INFORMATION_FORMAT = dwarf;
				ENABLE_STRICT_OBJC_MSGSEND = YES;
				ENABLE_TESTABILITY = YES;
				GCC_C_LANGUAGE_STANDARD = gnu11;
				GCC_DYNAMIC_NO_PIC = NO;
				GCC_NO_COMMON_BLOCKS = YES;
				GCC_OPTIMIZATION_LEVEL = 0;
				GCC_PREPROCESSOR_DEFINITIONS = (
					"DEBUG=1",
					"$(inherited)",
				);
				GCC_WARN_64_TO_32_BIT_CONVERSION = YES;
				GCC_WARN_ABOUT_RETURN_TYPE = YES_ERROR;
				GCC_WARN_UNDECLARED_SELECTOR = YES;
				GCC_WARN_UNINITIALIZED_AUTOS = YES_AGGRESSIVE;
				GCC_WARN_UNUSED_FUNCTION = YES;
				GCC_WARN_UNUSED_VARIABLE = YES;
				IPHONEOS_DEPLOYMENT_TARGET = 13.1;
				MTL_ENABLE_DEBUG_INFO = INCLUDE_SOURCE;
				MTL_FAST_MATH = YES;
				ONLY_ACTIVE_ARCH = YES;
				SDKROOT = iphoneos;
				SWIFT_ACTIVE_COMPILATION_CONDITIONS = DEBUG;
				SWIFT_OPTIMIZATION_LEVEL = "-Onone";
			};
			name = Debug;
		};
		40F33ADB2361EC5F00BDF5AE /* Release */ = {
			isa = XCBuildConfiguration;
			buildSettings = {
				ALWAYS_SEARCH_USER_PATHS = NO;
				CLANG_ANALYZER_NONNULL = YES;
				CLANG_ANALYZER_NUMBER_OBJECT_CONVERSION = YES_AGGRESSIVE;
				CLANG_CXX_LANGUAGE_STANDARD = "gnu++14";
				CLANG_CXX_LIBRARY = "libc++";
				CLANG_ENABLE_MODULES = YES;
				CLANG_ENABLE_OBJC_ARC = YES;
				CLANG_ENABLE_OBJC_WEAK = YES;
				CLANG_WARN_BLOCK_CAPTURE_AUTORELEASING = YES;
				CLANG_WARN_BOOL_CONVERSION = YES;
				CLANG_WARN_COMMA = YES;
				CLANG_WARN_CONSTANT_CONVERSION = YES;
				CLANG_WARN_DEPRECATED_OBJC_IMPLEMENTATIONS = YES;
				CLANG_WARN_DIRECT_OBJC_ISA_USAGE = YES_ERROR;
				CLANG_WARN_DOCUMENTATION_COMMENTS = YES;
				CLANG_WARN_EMPTY_BODY = YES;
				CLANG_WARN_ENUM_CONVERSION = YES;
				CLANG_WARN_INFINITE_RECURSION = YES;
				CLANG_WARN_INT_CONVERSION = YES;
				CLANG_WARN_NON_LITERAL_NULL_CONVERSION = YES;
				CLANG_WARN_OBJC_IMPLICIT_RETAIN_SELF = YES;
				CLANG_WARN_OBJC_LITERAL_CONVERSION = YES;
				CLANG_WARN_OBJC_ROOT_CLASS = YES_ERROR;
				CLANG_WARN_RANGE_LOOP_ANALYSIS = YES;
				CLANG_WARN_STRICT_PROTOTYPES = YES;
				CLANG_WARN_SUSPICIOUS_MOVE = YES;
				CLANG_WARN_UNGUARDED_AVAILABILITY = YES_AGGRESSIVE;
				CLANG_WARN_UNREACHABLE_CODE = YES;
				CLANG_WARN__DUPLICATE_METHOD_MATCH = YES;
				COPY_PHASE_STRIP = NO;
				DEBUG_INFORMATION_FORMAT = "dwarf-with-dsym";
				ENABLE_NS_ASSERTIONS = NO;
				ENABLE_STRICT_OBJC_MSGSEND = YES;
				GCC_C_LANGUAGE_STANDARD = gnu11;
				GCC_NO_COMMON_BLOCKS = YES;
				GCC_WARN_64_TO_32_BIT_CONVERSION = YES;
				GCC_WARN_ABOUT_RETURN_TYPE = YES_ERROR;
				GCC_WARN_UNDECLARED_SELECTOR = YES;
				GCC_WARN_UNINITIALIZED_AUTOS = YES_AGGRESSIVE;
				GCC_WARN_UNUSED_FUNCTION = YES;
				GCC_WARN_UNUSED_VARIABLE = YES;
				IPHONEOS_DEPLOYMENT_TARGET = 13.1;
				MTL_ENABLE_DEBUG_INFO = NO;
				MTL_FAST_MATH = YES;
				SDKROOT = iphoneos;
				SWIFT_COMPILATION_MODE = wholemodule;
				SWIFT_OPTIMIZATION_LEVEL = "-O";
				VALIDATE_PRODUCT = YES;
			};
			name = Release;
		};
		40F33ADD2361EC5F00BDF5AE /* Debug */ = {
			isa = XCBuildConfiguration;
			buildSettings = {
				ASSETCATALOG_COMPILER_APPICON_NAME = AppIcon;
				CODE_SIGN_STYLE = Automatic;
				DEVELOPMENT_ASSET_PATHS = "\"Keshia/Preview Content\"";
				DEVELOPMENT_TEAM = J2ZR6R5A5X;
				ENABLE_PREVIEWS = YES;
				INFOPLIST_FILE = Keshia/Info.plist;
				LD_RUNPATH_SEARCH_PATHS = (
					"$(inherited)",
					"@executable_path/Frameworks",
				);
				PRODUCT_BUNDLE_IDENTIFIER = com.appkeshia.Keshia;
				PRODUCT_NAME = "$(TARGET_NAME)";
				SWIFT_VERSION = 5.0;
				TARGETED_DEVICE_FAMILY = "1,2";
			};
			name = Debug;
		};
		40F33ADE2361EC5F00BDF5AE /* Release */ = {
			isa = XCBuildConfiguration;
			buildSettings = {
				ASSETCATALOG_COMPILER_APPICON_NAME = AppIcon;
				CODE_SIGN_STYLE = Automatic;
				DEVELOPMENT_ASSET_PATHS = "\"Keshia/Preview Content\"";
				DEVELOPMENT_TEAM = J2ZR6R5A5X;
				ENABLE_PREVIEWS = YES;
				INFOPLIST_FILE = Keshia/Info.plist;
				LD_RUNPATH_SEARCH_PATHS = (
					"$(inherited)",
					"@executable_path/Frameworks",
				);
				PRODUCT_BUNDLE_IDENTIFIER = com.appkeshia.Keshia;
				PRODUCT_NAME = "$(TARGET_NAME)";
				SWIFT_VERSION = 5.0;
				TARGETED_DEVICE_FAMILY = "1,2";
			};
			name = Release;
		};
		40F33AE02361EC5F00BDF5AE /* Debug */ = {
			isa = XCBuildConfiguration;
			buildSettings = {
				ALWAYS_EMBED_SWIFT_STANDARD_LIBRARIES = YES;
				BUNDLE_LOADER = "$(TEST_HOST)";
				CODE_SIGN_STYLE = Automatic;
				DEVELOPMENT_TEAM = J2ZR6R5A5X;
				INFOPLIST_FILE = KeshiaTests/Info.plist;
				IPHONEOS_DEPLOYMENT_TARGET = 13.1;
				LD_RUNPATH_SEARCH_PATHS = (
					"$(inherited)",
					"@executable_path/Frameworks",
					"@loader_path/Frameworks",
				);
				PRODUCT_BUNDLE_IDENTIFIER = com.appkeshia.KeshiaTests;
				PRODUCT_NAME = "$(TARGET_NAME)";
				SWIFT_VERSION = 5.0;
				TARGETED_DEVICE_FAMILY = "1,2";
				TEST_HOST = "$(BUILT_PRODUCTS_DIR)/Keshia.app/Keshia";
			};
			name = Debug;
		};
		40F33AE12361EC5F00BDF5AE /* Release */ = {
			isa = XCBuildConfiguration;
			buildSettings = {
				ALWAYS_EMBED_SWIFT_STANDARD_LIBRARIES = YES;
				BUNDLE_LOADER = "$(TEST_HOST)";
				CODE_SIGN_STYLE = Automatic;
				DEVELOPMENT_TEAM = J2ZR6R5A5X;
				INFOPLIST_FILE = KeshiaTests/Info.plist;
				IPHONEOS_DEPLOYMENT_TARGET = 13.1;
				LD_RUNPATH_SEARCH_PATHS = (
					"$(inherited)",
					"@executable_path/Frameworks",
					"@loader_path/Frameworks",
				);
				PRODUCT_BUNDLE_IDENTIFIER = com.appkeshia.KeshiaTests;
				PRODUCT_NAME = "$(TARGET_NAME)";
				SWIFT_VERSION = 5.0;
				TARGETED_DEVICE_FAMILY = "1,2";
				TEST_HOST = "$(BUILT_PRODUCTS_DIR)/Keshia.app/Keshia";
			};
			name = Release;
		};
		40F33AE32361EC5F00BDF5AE /* Debug */ = {
			isa = XCBuildConfiguration;
			buildSettings = {
				ALWAYS_EMBED_SWIFT_STANDARD_LIBRARIES = YES;
				CODE_SIGN_STYLE = Automatic;
				DEVELOPMENT_TEAM = J2ZR6R5A5X;
				INFOPLIST_FILE = KeshiaUITests/Info.plist;
				LD_RUNPATH_SEARCH_PATHS = (
					"$(inherited)",
					"@executable_path/Frameworks",
					"@loader_path/Frameworks",
				);
				PRODUCT_BUNDLE_IDENTIFIER = com.appkeshia.KeshiaUITests;
				PRODUCT_NAME = "$(TARGET_NAME)";
				SWIFT_VERSION = 5.0;
				TARGETED_DEVICE_FAMILY = "1,2";
				TEST_TARGET_NAME = Keshia;
			};
			name = Debug;
		};
		40F33AE42361EC5F00BDF5AE /* Release */ = {
			isa = XCBuildConfiguration;
			buildSettings = {
				ALWAYS_EMBED_SWIFT_STANDARD_LIBRARIES = YES;
				CODE_SIGN_STYLE = Automatic;
				DEVELOPMENT_TEAM = J2ZR6R5A5X;
				INFOPLIST_FILE = KeshiaUITests/Info.plist;
				LD_RUNPATH_SEARCH_PATHS = (
					"$(inherited)",
					"@executable_path/Frameworks",
					"@loader_path/Frameworks",
				);
				PRODUCT_BUNDLE_IDENTIFIER = com.appkeshia.KeshiaUITests;
				PRODUCT_NAME = "$(TARGET_NAME)";
				SWIFT_VERSION = 5.0;
				TARGETED_DEVICE_FAMILY = "1,2";
				TEST_TARGET_NAME = Keshia;
			};
			name = Release;
		};
/* End XCBuildConfiguration section */

/* Begin XCConfigurationList section */
		40F33AAD2361EC5D00BDF5AE /* Build configuration list for PBXProject "Keshia" */ = {
			isa = XCConfigurationList;
			buildConfigurations = (
				40F33ADA2361EC5F00BDF5AE /* Debug */,
				40F33ADB2361EC5F00BDF5AE /* Release */,
			);
			defaultConfigurationIsVisible = 0;
			defaultConfigurationName = Release;
		};
		40F33ADC2361EC5F00BDF5AE /* Build configuration list for PBXNativeTarget "Keshia" */ = {
			isa = XCConfigurationList;
			buildConfigurations = (
				40F33ADD2361EC5F00BDF5AE /* Debug */,
				40F33ADE2361EC5F00BDF5AE /* Release */,
			);
			defaultConfigurationIsVisible = 0;
			defaultConfigurationName = Release;
		};
		40F33ADF2361EC5F00BDF5AE /* Build configuration list for PBXNativeTarget "KeshiaTests" */ = {
			isa = XCConfigurationList;
			buildConfigurations = (
				40F33AE02361EC5F00BDF5AE /* Debug */,
				40F33AE12361EC5F00BDF5AE /* Release */,
			);
			defaultConfigurationIsVisible = 0;
			defaultConfigurationName = Release;
		};
		40F33AE22361EC5F00BDF5AE /* Build configuration list for PBXNativeTarget "KeshiaUITests" */ = {
			isa = XCConfigurationList;
			buildConfigurations = (
				40F33AE32361EC5F00BDF5AE /* Debug */,
				40F33AE42361EC5F00BDF5AE /* Release */,
			);
			defaultConfigurationIsVisible = 0;
			defaultConfigurationName = Release;
		};
/* End XCConfigurationList section */
	};
	rootObject = 40F33AAA2361EC5D00BDF5AE /* Project object */;
}
